{
    "_readme": [
        "This file locks the dependencies of your project to a known state",
        "Read more about it at https://getcomposer.org/doc/01-basic-usage.md#installing-dependencies",
        "This file is @generated automatically"
    ],
    "content-hash": "7e2b53d28d4aeb07ccec6fe899561583",
    "packages": [
        {
            "name": "commerceguys/intl",
            "version": "v1.0.8",
            "source": {
                "type": "git",
                "url": "https://github.com/commerceguys/intl.git",
                "reference": "b8df285687b8d5d6494874d22e2e5cf625dbe180"
            },
            "dist": {
                "type": "zip",
                "url": "https://api.github.com/repos/commerceguys/intl/zipball/b8df285687b8d5d6494874d22e2e5cf625dbe180",
                "reference": "b8df285687b8d5d6494874d22e2e5cf625dbe180",
                "shasum": ""
            },
            "require": {
                "php": ">=7.0.8"
            },
            "require-dev": {
                "mikey179/vfsstream": "1.*",
                "phpunit/phpunit": "^6.0"
            },
            "type": "library",
            "extra": {
                "branch-alias": {
                    "dev-master": "1.x-dev"
                }
            },
            "autoload": {
                "psr-4": {
                    "CommerceGuys\\Intl\\": "src"
                }
            },
            "notification-url": "https://packagist.org/downloads/",
            "license": [
                "MIT"
            ],
            "authors": [
                {
                    "name": "Bojan Zivanovic"
                }
            ],
            "description": "Internationalization library powered by CLDR data.",
            "support": {
                "issues": "https://github.com/commerceguys/intl/issues",
                "source": "https://github.com/commerceguys/intl/tree/v1.0.8"
            },
            "time": "2020-12-05T16:31:25+00:00"
        }
    ],
    "packages-dev": [],
    "aliases": [],
    "minimum-stability": "stable",
    "stability-flags": [],
    "prefer-stable": false,
    "prefer-lowest": false,
    "platform": [],
    "platform-dev": [],
    "plugin-api-version": "2.0.0"
}
